
Microsoft Visual Studio Solution File, Format Version 10.00
# Visual C# Express 2008
Project("{FAE04EC0-301F-11D3-BF4B-00C04F79EFBC}") = "Paw", "Paw\Paw.csproj", "{5B9D6120-3659-430B-A28C-A28F050F2AB6}"
EndProject
Global
	GlobalSection(SolutionConfigurationPlatforms) = preSolution
		Debug|Any CPU = Debug|Any CPU
		Release|Any CPU = Release|Any CPU
	EndGlobalSection
	GlobalSection(ProjectConfigurationPlatforms) = postSolution
		{5B9D6120-3659-430B-A28C-A28F050F2AB6}.Debug|Any CPU.ActiveCfg = Debug|Any CPU
		{5B9D6120-3659-430B-A28C-A28F050F2AB6}.Debug|Any CPU.Build.0 = Debug|Any CPU
		{5B9D6120-3659-430B-A28C-A28F050F2AB6}.Release|Any CPU.ActiveCfg = Release|Any CPU
		{5B9D6120-3659-430B-A28C-A28F050F2AB6}.Release|Any CPU.Build.0 = Release|Any CPU
	EndGlobalSection
	GlobalSection(SolutionProperties) = preSolution
		HideSolutionNode = FALSE
	EndGlobalSection
EndGlobal
